
Microsoft Visual Studio Solution File, Format Version 12.00
# Visual Studio Version 16
VisualStudioVersion = 16.0.32428.217
MinimumVisualStudioVersion = 10.0.40219.1
Project("{2150E333-8FDC-42A3-9474-1A3956D46DE8}") = "Services", "Services", "{551D4922-B24E-4856-BEA7-B6A2924FF72F}"
EndProject
Project("{2150E333-8FDC-42A3-9474-1A3956D46DE8}") = "Catalog", "Catalog", "{0D936206-F75F-40CD-9D77-61DA5623DBB1}"
EndProject
Project("{9A19103F-16F7-4668-BE54-9A1E7A4F7556}") = "Catalog.API", "Services\Catalog\Catalog.API\Catalog.API.csproj", "{CCF1C309-A5B2-4E7D-B205-3607F12EBB60}"
EndProject
Project("{2150E333-8FDC-42A3-9474-1A3956D46DE8}") = "Basket", "Basket", "{9348E300-A998-4136-96D4-CA8FFFF80DD9}"
EndProject
Project("{9A19103F-16F7-4668-BE54-9A1E7A4F7556}") = "Basket.Api", "Services\Basket\Basket.Api\Basket.Api.csproj", "{EDF07161-C94D-4031-9DD6-F16FB7B4B9DD}"
EndProject
Project("{2150E333-8FDC-42A3-9474-1A3956D46DE8}") = "Discount", "Discount", "{BBF94F92-1F32-4C5B-9B71-B0D461837650}"
EndProject
Project("{9A19103F-16F7-4668-BE54-9A1E7A4F7556}") = "Discount.Grpc", "Services\Discount\Discount.Grpc\Discount.Grpc.csproj", "{FAF768BE-592C-41D5-B060-6958B5B17E73}"
EndProject
Project("{9A19103F-16F7-4668-BE54-9A1E7A4F7556}") = "Discount.API", "Services\Discount\Discount.API\Discount.API.csproj", "{F3704A2C-A814-45C7-8751-398B894ED1CB}"
EndProject
Project("{2150E333-8FDC-42A3-9474-1A3956D46DE8}") = "Odering", "Odering", "{C1BBD132-C483-4BB1-8D95-C780B391A760}"
EndProject
Project("{2150E333-8FDC-42A3-9474-1A3956D46DE8}") = "ApiGateway", "ApiGateway", "{8430A61D-8E65-46DE-BD50-07A5C06E2F9C}"
EndProject
Project("{9A19103F-16F7-4668-BE54-9A1E7A4F7556}") = "OcelotApiGw", "ApiGateway\OcelotApiGw\OcelotApiGw.csproj", "{2CE9ABAC-0006-4AE2-BAFA-C82C1226FD53}"
EndProject
Project("{9A19103F-16F7-4668-BE54-9A1E7A4F7556}") = "Ordering.Domain", "Services\Odering\Ordering.Domain\Ordering.Domain.csproj", "{30CF15E3-2D77-4E0F-AFFB-3C166F9B5543}"
EndProject
Project("{9A19103F-16F7-4668-BE54-9A1E7A4F7556}") = "Odering.Application", "Services\Odering\Odering.Application\Odering.Application.csproj", "{B31116E3-87E8-491D-8569-3DEB84EC3002}"
EndProject
Project("{9A19103F-16F7-4668-BE54-9A1E7A4F7556}") = "Odering.Infrastructure", "Services\Odering\Odering.Infrastructure\Odering.Infrastructure.csproj", "{67756D7A-7B9C-4CBC-AC4E-EAA3BB3FB43A}"
EndProject
Project("{E53339B2-1760-4266-BCC7-CA923CBCF16C}") = "docker-compose", "docker-compose.dcproj", "{7C2B52D4-2D27-42A3-993C-1D8C34DE02CD}"
EndProject
Project("{9A19103F-16F7-4668-BE54-9A1E7A4F7556}") = "Odering.API", "Services\Odering\Odering.API\Odering.API.csproj", "{6CD0AE90-9DC8-42F9-8B97-4ADB85B5D32F}"
EndProject
Project("{2150E333-8FDC-42A3-9474-1A3956D46DE8}") = "BuildingBlocks", "BuildingBlocks", "{96EF4600-0C07-406D-982E-553F8E0A01FF}"
EndProject
Project("{9A19103F-16F7-4668-BE54-9A1E7A4F7556}") = "EventBus.Messages", "BuildingBlocks\EventBus.Messages\EventBus.Messages.csproj", "{4763523B-4A4A-4401-BDBE-BDA040B2866B}"
EndProject
Project("{FAE04EC0-301F-11D3-BF4B-00C04F79EFBC}") = "Shopping.Aggregator", "ApiGateway\Shopping.Aggregator\Shopping.Aggregator.csproj", "{A59BDD89-A1ED-43D7-9977-D63F5DE51BEF}"
EndProject
Project("{2150E333-8FDC-42A3-9474-1A3956D46DE8}") = "WebApps", "WebApps", "{ABA75EAC-CA72-4FFA-BF50-1FE0A0AFE478}"
EndProject
Project("{9A19103F-16F7-4668-BE54-9A1E7A4F7556}") = "AspnetRunBasics", "WebApps\AspnetRunBasics\AspnetRunBasics.csproj", "{82DA47C4-82D0-45AD-B53C-CC4B1D074733}"
EndProject
Global
	GlobalSection(SolutionConfigurationPlatforms) = preSolution
		Debug|Any CPU = Debug|Any CPU
		Release|Any CPU = Release|Any CPU
	EndGlobalSection
	GlobalSection(ProjectConfigurationPlatforms) = postSolution
		{CCF1C309-A5B2-4E7D-B205-3607F12EBB60}.Debug|Any CPU.ActiveCfg = Debug|Any CPU
		{CCF1C309-A5B2-4E7D-B205-3607F12EBB60}.Debug|Any CPU.Build.0 = Debug|Any CPU
		{CCF1C309-A5B2-4E7D-B205-3607F12EBB60}.Release|Any CPU.ActiveCfg = Release|Any CPU
		{CCF1C309-A5B2-4E7D-B205-3607F12EBB60}.Release|Any CPU.Build.0 = Release|Any CPU
		{EDF07161-C94D-4031-9DD6-F16FB7B4B9DD}.Debug|Any CPU.ActiveCfg = Debug|Any CPU
		{EDF07161-C94D-4031-9DD6-F16FB7B4B9DD}.Debug|Any CPU.Build.0 = Debug|Any CPU
		{EDF07161-C94D-4031-9DD6-F16FB7B4B9DD}.Release|Any CPU.ActiveCfg = Release|Any CPU
		{EDF07161-C94D-4031-9DD6-F16FB7B4B9DD}.Release|Any CPU.Build.0 = Release|Any CPU
		{FAF768BE-592C-41D5-B060-6958B5B17E73}.Debug|Any CPU.ActiveCfg = Debug|Any CPU
		{FAF768BE-592C-41D5-B060-6958B5B17E73}.Debug|Any CPU.Build.0 = Debug|Any CPU
		{FAF768BE-592C-41D5-B060-6958B5B17E73}.Release|Any CPU.ActiveCfg = Release|Any CPU
		{FAF768BE-592C-41D5-B060-6958B5B17E73}.Release|Any CPU.Build.0 = Release|Any CPU
		{F3704A2C-A814-45C7-8751-398B894ED1CB}.Debug|Any CPU.ActiveCfg = Debug|Any CPU
		{F3704A2C-A814-45C7-8751-398B894ED1CB}.Debug|Any CPU.Build.0 = Debug|Any CPU
		{F3704A2C-A814-45C7-8751-398B894ED1CB}.Release|Any CPU.ActiveCfg = Release|Any CPU
		{F3704A2C-A814-45C7-8751-398B894ED1CB}.Release|Any CPU.Build.0 = Release|Any CPU
		{2CE9ABAC-0006-4AE2-BAFA-C82C1226FD53}.Debug|Any CPU.ActiveCfg = Debug|Any CPU
		{2CE9ABAC-0006-4AE2-BAFA-C82C1226FD53}.Debug|Any CPU.Build.0 = Debug|Any CPU
		{2CE9ABAC-0006-4AE2-BAFA-C82C1226FD53}.Release|Any CPU.ActiveCfg = Release|Any CPU
		{2CE9ABAC-0006-4AE2-BAFA-C82C1226FD53}.Release|Any CPU.Build.0 = Release|Any CPU
		{30CF15E3-2D77-4E0F-AFFB-3C166F9B5543}.Debug|Any CPU.ActiveCfg = Debug|Any CPU
		{30CF15E3-2D77-4E0F-AFFB-3C166F9B5543}.Debug|Any CPU.Build.0 = Debug|Any CPU
		{30CF15E3-2D77-4E0F-AFFB-3C166F9B5543}.Release|Any CPU.ActiveCfg = Release|Any CPU
		{30CF15E3-2D77-4E0F-AFFB-3C166F9B5543}.Release|Any CPU.Build.0 = Release|Any CPU
		{B31116E3-87E8-491D-8569-3DEB84EC3002}.Debug|Any CPU.ActiveCfg = Debug|Any CPU
		{B31116E3-87E8-491D-8569-3DEB84EC3002}.Debug|Any CPU.Build.0 = Debug|Any CPU
		{B31116E3-87E8-491D-8569-3DEB84EC3002}.Release|Any CPU.ActiveCfg = Release|Any CPU
		{B31116E3-87E8-491D-8569-3DEB84EC3002}.Release|Any CPU.Build.0 = Release|Any CPU
		{67756D7A-7B9C-4CBC-AC4E-EAA3BB3FB43A}.Debug|Any CPU.ActiveCfg = Debug|Any CPU
		{67756D7A-7B9C-4CBC-AC4E-EAA3BB3FB43A}.Debug|Any CPU.Build.0 = Debug|Any CPU
		{67756D7A-7B9C-4CBC-AC4E-EAA3BB3FB43A}.Release|Any CPU.ActiveCfg = Release|Any CPU
		{67756D7A-7B9C-4CBC-AC4E-EAA3BB3FB43A}.Release|Any CPU.Build.0 = Release|Any CPU
		{7C2B52D4-2D27-42A3-993C-1D8C34DE02CD}.Debug|Any CPU.ActiveCfg = Debug|Any CPU
		{7C2B52D4-2D27-42A3-993C-1D8C34DE02CD}.Debug|Any CPU.Build.0 = Debug|Any CPU
		{7C2B52D4-2D27-42A3-993C-1D8C34DE02CD}.Release|Any CPU.ActiveCfg = Release|Any CPU
		{7C2B52D4-2D27-42A3-993C-1D8C34DE02CD}.Release|Any CPU.Build.0 = Release|Any CPU
		{6CD0AE90-9DC8-42F9-8B97-4ADB85B5D32F}.Debug|Any CPU.ActiveCfg = Debug|Any CPU
		{6CD0AE90-9DC8-42F9-8B97-4ADB85B5D32F}.Debug|Any CPU.Build.0 = Debug|Any CPU
		{6CD0AE90-9DC8-42F9-8B97-4ADB85B5D32F}.Release|Any CPU.ActiveCfg = Release|Any CPU
		{6CD0AE90-9DC8-42F9-8B97-4ADB85B5D32F}.Release|Any CPU.Build.0 = Release|Any CPU
		{4763523B-4A4A-4401-BDBE-BDA040B2866B}.Debug|Any CPU.ActiveCfg = Debug|Any CPU
		{4763523B-4A4A-4401-BDBE-BDA040B2866B}.Debug|Any CPU.Build.0 = Debug|Any CPU
		{4763523B-4A4A-4401-BDBE-BDA040B2866B}.Release|Any CPU.ActiveCfg = Release|Any CPU
		{4763523B-4A4A-4401-BDBE-BDA040B2866B}.Release|Any CPU.Build.0 = Release|Any CPU
		{A59BDD89-A1ED-43D7-9977-D63F5DE51BEF}.Debug|Any CPU.ActiveCfg = Debug|Any CPU
		{A59BDD89-A1ED-43D7-9977-D63F5DE51BEF}.Debug|Any CPU.Build.0 = Debug|Any CPU
		{A59BDD89-A1ED-43D7-9977-D63F5DE51BEF}.Release|Any CPU.ActiveCfg = Release|Any CPU
		{A59BDD89-A1ED-43D7-9977-D63F5DE51BEF}.Release|Any CPU.Build.0 = Release|Any CPU
		{82DA47C4-82D0-45AD-B53C-CC4B1D074733}.Debug|Any CPU.ActiveCfg = Debug|Any CPU
		{82DA47C4-82D0-45AD-B53C-CC4B1D074733}.Debug|Any CPU.Build.0 = Debug|Any CPU
		{82DA47C4-82D0-45AD-B53C-CC4B1D074733}.Release|Any CPU.ActiveCfg = Release|Any CPU
		{82DA47C4-82D0-45AD-B53C-CC4B1D074733}.Release|Any CPU.Build.0 = Release|Any CPU
	EndGlobalSection
	GlobalSection(SolutionProperties) = preSolution
		HideSolutionNode = FALSE
	EndGlobalSection
	GlobalSection(NestedProjects) = preSolution
		{0D936206-F75F-40CD-9D77-61DA5623DBB1} = {551D4922-B24E-4856-BEA7-B6A2924FF72F}
		{CCF1C309-A5B2-4E7D-B205-3607F12EBB60} = {0D936206-F75F-40CD-9D77-61DA5623DBB1}
		{9348E300-A998-4136-96D4-CA8FFFF80DD9} = {551D4922-B24E-4856-BEA7-B6A2924FF72F}
		{EDF07161-C94D-4031-9DD6-F16FB7B4B9DD} = {9348E300-A998-4136-96D4-CA8FFFF80DD9}
		{BBF94F92-1F32-4C5B-9B71-B0D461837650} = {551D4922-B24E-4856-BEA7-B6A2924FF72F}
		{FAF768BE-592C-41D5-B060-6958B5B17E73} = {BBF94F92-1F32-4C5B-9B71-B0D461837650}
		{F3704A2C-A814-45C7-8751-398B894ED1CB} = {BBF94F92-1F32-4C5B-9B71-B0D461837650}
		{C1BBD132-C483-4BB1-8D95-C780B391A760} = {551D4922-B24E-4856-BEA7-B6A2924FF72F}
		{2CE9ABAC-0006-4AE2-BAFA-C82C1226FD53} = {8430A61D-8E65-46DE-BD50-07A5C06E2F9C}
		{30CF15E3-2D77-4E0F-AFFB-3C166F9B5543} = {C1BBD132-C483-4BB1-8D95-C780B391A760}
		{B31116E3-87E8-491D-8569-3DEB84EC3002} = {C1BBD132-C483-4BB1-8D95-C780B391A760}
		{67756D7A-7B9C-4CBC-AC4E-EAA3BB3FB43A} = {C1BBD132-C483-4BB1-8D95-C780B391A760}
		{6CD0AE90-9DC8-42F9-8B97-4ADB85B5D32F} = {C1BBD132-C483-4BB1-8D95-C780B391A760}
		{4763523B-4A4A-4401-BDBE-BDA040B2866B} = {96EF4600-0C07-406D-982E-553F8E0A01FF}
		{A59BDD89-A1ED-43D7-9977-D63F5DE51BEF} = {8430A61D-8E65-46DE-BD50-07A5C06E2F9C}
		{82DA47C4-82D0-45AD-B53C-CC4B1D074733} = {ABA75EAC-CA72-4FFA-BF50-1FE0A0AFE478}
	EndGlobalSection
	GlobalSection(ExtensibilityGlobals) = postSolution
		SolutionGuid = {B6EDCDE0-2066-4FF1-98A2-EB6C6B5631E0}
	EndGlobalSection
EndGlobal
